
Microsoft Visual Studio Solution File, Format Version 12.00
# Visual Studio Version 17
VisualStudioVersion = 17.13.35919.96 d17.13
MinimumVisualStudioVersion = 10.0.40219.1
Project("{FAE04EC0-301F-11D3-BF4B-00C04F79EFBC}") = "BlackjackCLI", "BlackjackCLI.csproj", "{496C4021-47B3-4F98-B0FA-E42C410280D2}"
EndProject
Global
	GlobalSection(SolutionConfigurationPlatforms) = preSolution
		Debug|Any CPU = Debug|Any CPU
		Release|Any CPU = Release|Any CPU
	EndGlobalSection
	GlobalSection(ProjectConfigurationPlatforms) = postSolution
		{496C4021-47B3-4F98-B0FA-E42C410280D2}.Debug|Any CPU.ActiveCfg = Debug|Any CPU
		{496C4021-47B3-4F98-B0FA-E42C410280D2}.Debug|Any CPU.Build.0 = Debug|Any CPU
		{496C4021-47B3-4F98-B0FA-E42C410280D2}.Release|Any CPU.ActiveCfg = Release|Any CPU
		{496C4021-47B3-4F98-B0FA-E42C410280D2}.Release|Any CPU.Build.0 = Release|Any CPU
	EndGlobalSection
	GlobalSection(SolutionProperties) = preSolution
		HideSolutionNode = FALSE
	EndGlobalSection
	GlobalSection(ExtensibilityGlobals) = postSolution
		SolutionGuid = {92077068-2813-4CAF-8488-ABB4E2180325}
	EndGlobalSection
EndGlobal
